// !$*UTF8*$!
{
	archiveVersion = 1;
	classes = {
	};
	objectVersion = 50;
	objects = {

/* Begin PBXBuildFile section */
		26189B9321B005E300CC9245 /* HomeViewController.swift in Sources */ = {isa = PBXBuildFile; fileRef = 26189B9221B005E300CC9245 /* HomeViewController.swift */; };
		26189B9521B005EE00CC9245 /* Home.storyboard in Resources */ = {isa = PBXBuildFile; fileRef = 26189B9421B005EE00CC9245 /* Home.storyboard */; };
		26189B9721B0065300CC9245 /* HomeViewPresenter.swift in Sources */ = {isa = PBXBuildFile; fileRef = 26189B9621B0065300CC9245 /* HomeViewPresenter.swift */; };
		26189B9921B0066A00CC9245 /* HomeViewConfigurator.swift in Sources */ = {isa = PBXBuildFile; fileRef = 26189B9821B0066A00CC9245 /* HomeViewConfigurator.swift */; };
		26189B9B21B006C100CC9245 /* HomeViewRouter.swift in Sources */ = {isa = PBXBuildFile; fileRef = 26189B9A21B006C100CC9245 /* HomeViewRouter.swift */; };
		26189B9D21B006F800CC9245 /* HomeViewInteractor.swift in Sources */ = {isa = PBXBuildFile; fileRef = 26189B9C21B006F800CC9245 /* HomeViewInteractor.swift */; };
		263E496521AEC7D900FEA74E /* AppDelegate.swift in Sources */ = {isa = PBXBuildFile; fileRef = 263E496421AEC7D900FEA74E /* AppDelegate.swift */; };
		263E496A21AEC7D900FEA74E /* Main.storyboard in Resources */ = {isa = PBXBuildFile; fileRef = 263E496821AEC7D900FEA74E /* Main.storyboard */; };
		263E496C21AEC7DC00FEA74E /* Assets.xcassets in Resources */ = {isa = PBXBuildFile; fileRef = 263E496B21AEC7DC00FEA74E /* Assets.xcassets */; };
		263E496F21AEC7DC00FEA74E /* LaunchScreen.storyboard in Resources */ = {isa = PBXBuildFile; fileRef = 263E496D21AEC7DC00FEA74E /* LaunchScreen.storyboard */; };
		263E497A21AEC7DC00FEA74E /* CleanSwiftInfoAppTests.swift in Sources */ = {isa = PBXBuildFile; fileRef = 263E497921AEC7DC00FEA74E /* CleanSwiftInfoAppTests.swift */; };
		263E498521AEC7DC00FEA74E /* CleanSwiftInfoAppUITests.swift in Sources */ = {isa = PBXBuildFile; fileRef = 263E498421AEC7DC00FEA74E /* CleanSwiftInfoAppUITests.swift */; };
		263E499721AEC9BA00FEA74E /* Menu.storyboard in Resources */ = {isa = PBXBuildFile; fileRef = 263E499621AEC9BA00FEA74E /* Menu.storyboard */; };
		263E499921AEC9D100FEA74E /* UIStoryboard+.swift in Sources */ = {isa = PBXBuildFile; fileRef = 263E499821AEC9D100FEA74E /* UIStoryboard+.swift */; };
		263E499B21AECAA400FEA74E /* String+.swift in Sources */ = {isa = PBXBuildFile; fileRef = 263E499A21AECAA400FEA74E /* String+.swift */; };
		263E49A021AED09000FEA74E /* UIViewController+.swift in Sources */ = {isa = PBXBuildFile; fileRef = 263E499F21AED09000FEA74E /* UIViewController+.swift */; };
		263E49A221AED3B600FEA74E /* NavigationViewController.swift in Sources */ = {isa = PBXBuildFile; fileRef = 263E49A121AED3B600FEA74E /* NavigationViewController.swift */; };
		263E49A921AEEB8000FEA74E /* SlideViewController.swift in Sources */ = {isa = PBXBuildFile; fileRef = 263E49A821AEEB8000FEA74E /* SlideViewController.swift */; };
		263E49AD21AEEBB500FEA74E /* SlideViewPresenter.swift in Sources */ = {isa = PBXBuildFile; fileRef = 263E49AC21AEEBB500FEA74E /* SlideViewPresenter.swift */; };
		263E49AF21AEEBBF00FEA74E /* SlideViewRouter.swift in Sources */ = {isa = PBXBuildFile; fileRef = 263E49AE21AEEBBF00FEA74E /* SlideViewRouter.swift */; };
		263E49B121AEEBCE00FEA74E /* SlideViewInterator.swift in Sources */ = {isa = PBXBuildFile; fileRef = 263E49B021AEEBCE00FEA74E /* SlideViewInterator.swift */; };
		263E49B321AEEBD900FEA74E /* SlideViewConfigurator.swift in Sources */ = {isa = PBXBuildFile; fileRef = 263E49B221AEEBD900FEA74E /* SlideViewConfigurator.swift */; };
		263E49B621AEF16F00FEA74E /* SlideMenuItemViewModel.swift in Sources */ = {isa = PBXBuildFile; fileRef = 263E49B521AEF16F00FEA74E /* SlideMenuItemViewModel.swift */; };
		263E49B821AEF1F900FEA74E /* SlideMenuItem.swift in Sources */ = {isa = PBXBuildFile; fileRef = 263E49B721AEF1F900FEA74E /* SlideMenuItem.swift */; };
		2655049021B52ED7000864D0 /* Montserrat-Light.otf in Resources */ = {isa = PBXBuildFile; fileRef = 2655048E21B52ED2000864D0 /* Montserrat-Light.otf */; };
		2655049221B52ED7000864D0 /* Montserrat-Thin.otf in Resources */ = {isa = PBXBuildFile; fileRef = 2655048D21B52ED2000864D0 /* Montserrat-Thin.otf */; };
		2655049421B52EF6000864D0 /* UIFont+Montserrat.swift in Sources */ = {isa = PBXBuildFile; fileRef = 2655049321B52EF6000864D0 /* UIFont+Montserrat.swift */; };
		2655049821B55C40000864D0 /* UIImageView+.swift in Sources */ = {isa = PBXBuildFile; fileRef = 2655049721B55C40000864D0 /* UIImageView+.swift */; };
		265DA15521B6B30B005D4AEF /* UIFont+IconFont.swift in Sources */ = {isa = PBXBuildFile; fileRef = 265DA15421B6B30B005D4AEF /* UIFont+IconFont.swift */; };
		265DA15721B6B56D005D4AEF /* MWG-Iconfont.ttf in Resources */ = {isa = PBXBuildFile; fileRef = 265DA15621B6B56D005D4AEF /* MWG-Iconfont.ttf */; };
		2661B51A21C3AB0E00CC6F2F /* SnapKitView.swift in Sources */ = {isa = PBXBuildFile; fileRef = 2661B51921C3AB0E00CC6F2F /* SnapKitView.swift */; };
		2661B51E21C3D88400CC6F2F /* Montserrat-Regular.ttf in Resources */ = {isa = PBXBuildFile; fileRef = 2661B51C21C3D88400CC6F2F /* Montserrat-Regular.ttf */; };
		2661B51F21C3D88400CC6F2F /* Montserrat-Bold.ttf in Resources */ = {isa = PBXBuildFile; fileRef = 2661B51D21C3D88400CC6F2F /* Montserrat-Bold.ttf */; };
		269C599121C28C63007DCF39 /* Snapkit.storyboard in Resources */ = {isa = PBXBuildFile; fileRef = 269C599021C28C63007DCF39 /* Snapkit.storyboard */; };
		269C599621C28CCB007DCF39 /* SnapKitConfigurator.swift in Sources */ = {isa = PBXBuildFile; fileRef = 269C599521C28CCB007DCF39 /* SnapKitConfigurator.swift */; };
		269C599821C28CDB007DCF39 /* SnapKitPresenter.swift in Sources */ = {isa = PBXBuildFile; fileRef = 269C599721C28CDB007DCF39 /* SnapKitPresenter.swift */; };
		269C599A21C28CE6007DCF39 /* SnapKitRouter.swift in Sources */ = {isa = PBXBuildFile; fileRef = 269C599921C28CE6007DCF39 /* SnapKitRouter.swift */; };
		269C599C21C28CF4007DCF39 /* SnapKitInteractor.swift in Sources */ = {isa = PBXBuildFile; fileRef = 269C599B21C28CF4007DCF39 /* SnapKitInteractor.swift */; };
		269C599E21C28D3F007DCF39 /* SnapKitViewController.swift in Sources */ = {isa = PBXBuildFile; fileRef = 269C599D21C28D3F007DCF39 /* SnapKitViewController.swift */; };
		26ACA81221B131B100C18211 /* ArrayDataProvider.swift in Sources */ = {isa = PBXBuildFile; fileRef = 26ACA81021B131B100C18211 /* ArrayDataProvider.swift */; };
		26ACA81321B131B100C18211 /* DataProvider.swift in Sources */ = {isa = PBXBuildFile; fileRef = 26ACA81121B131B100C18211 /* DataProvider.swift */; };
		26ACA81521B157D600C18211 /* UIColor+.swift in Sources */ = {isa = PBXBuildFile; fileRef = 26ACA81421B157D600C18211 /* UIColor+.swift */; };
		26ACA81821B15B8E00C18211 /* AccountMenuTableViewCell.swift in Sources */ = {isa = PBXBuildFile; fileRef = 26ACA81721B15B8E00C18211 /* AccountMenuTableViewCell.swift */; };
		26ACA81C21B18BBC00C18211 /* SlideMenuDataProvider.swift in Sources */ = {isa = PBXBuildFile; fileRef = 26ACA81B21B18BBC00C18211 /* SlideMenuDataProvider.swift */; };
		26ACA81F21B18E5900C18211 /* ListViewCompatible.swift in Sources */ = {isa = PBXBuildFile; fileRef = 26ACA81E21B18E5900C18211 /* ListViewCompatible.swift */; };
		26C16C9F21C0FCFE00A380A0 /* ItemRow1TableViewCell.swift in Sources */ = {isa = PBXBuildFile; fileRef = 26C16C9E21C0FCFE00A380A0 /* ItemRow1TableViewCell.swift */; };
		26C16CA321C1241000A380A0 /* SeparatorTableViewCell.swift in Sources */ = {isa = PBXBuildFile; fileRef = 26C16CA221C1241000A380A0 /* SeparatorTableViewCell.swift */; };
		26D2F93B21BFE63D003FB42E /* HeaderTitleTableViewCell.swift in Sources */ = {isa = PBXBuildFile; fileRef = 26D2F93A21BFE63D003FB42E /* HeaderTitleTableViewCell.swift */; };
		3100CCAF623DC96AF0EA51DD /* Pods_CleanSwiftInfoAppTests.framework in Frameworks */ = {isa = PBXBuildFile; fileRef = 2098D5FB92A7EC51D1007A01 /* Pods_CleanSwiftInfoAppTests.framework */; };
		E496F7947C1932922021A47B /* Pods_CleanSwiftInfoAppUITests.framework in Frameworks */ = {isa = PBXBuildFile; fileRef = A3877067C4B790E3C95034C9 /* Pods_CleanSwiftInfoAppUITests.framework */; };
		ECE3B5F3CDD9035038D2A9A4 /* Pods_CleanSwiftInfoApp.framework in Frameworks */ = {isa = PBXBuildFile; fileRef = AE0C64878BF6B88A7467C37E /* Pods_CleanSwiftInfoApp.framework */; };
/* End PBXBuildFile section */

/* Begin PBXContainerItemProxy section */
		263E497621AEC7DC00FEA74E /* PBXContainerItemProxy */ = {
			isa = PBXContainerItemProxy;
			containerPortal = 263E495921AEC7D900FEA74E /* Project object */;
			proxyType = 1;
			remoteGlobalIDString = 263E496021AEC7D900FEA74E;
			remoteInfo = CleanSwiftInfoApp;
		};
		263E498121AEC7DC00FEA74E /* PBXContainerItemProxy */ = {
			isa = PBXContainerItemProxy;
			containerPortal = 263E495921AEC7D900FEA74E /* Project object */;
			proxyType = 1;
			remoteGlobalIDString = 263E496021AEC7D900FEA74E;
			remoteInfo = CleanSwiftInfoApp;
		};
/* End PBXContainerItemProxy section */

/* Begin PBXFileReference section */
		045442D81AFC0AEDFA7B419E /* Pods-CleanSwiftInfoAppUITests.release.xcconfig */ = {isa = PBXFileReference; includeInIndex = 1; lastKnownFileType = text.xcconfig; name = "Pods-CleanSwiftInfoAppUITests.release.xcconfig"; path = "Pods/Target Support Files/Pods-CleanSwiftInfoAppUITests/Pods-CleanSwiftInfoAppUITests.release.xcconfig"; sourceTree = "<group>"; };
		2098D5FB92A7EC51D1007A01 /* Pods_CleanSwiftInfoAppTests.framework */ = {isa = PBXFileReference; explicitFileType = wrapper.framework; includeInIndex = 0; path = Pods_CleanSwiftInfoAppTests.framework; sourceTree = BUILT_PRODUCTS_DIR; };
		26189B9221B005E300CC9245 /* HomeViewController.swift */ = {isa = PBXFileReference; lastKnownFileType = sourcecode.swift; path = HomeViewController.swift; sourceTree = "<group>"; };
		26189B9421B005EE00CC9245 /* Home.storyboard */ = {isa = PBXFileReference; lastKnownFileType = file.storyboard; path = Home.storyboard; sourceTree = "<group>"; };
		26189B9621B0065300CC9245 /* HomeViewPresenter.swift */ = {isa = PBXFileReference; lastKnownFileType = sourcecode.swift; path = HomeViewPresenter.swift; sourceTree = "<group>"; };
		26189B9821B0066A00CC9245 /* HomeViewConfigurator.swift */ = {isa = PBXFileReference; lastKnownFileType = sourcecode.swift; path = HomeViewConfigurator.swift; sourceTree = "<group>"; };
		26189B9A21B006C100CC9245 /* HomeViewRouter.swift */ = {isa = PBXFileReference; lastKnownFileType = sourcecode.swift; path = HomeViewRouter.swift; sourceTree = "<group>"; };
		26189B9C21B006F800CC9245 /* HomeViewInteractor.swift */ = {isa = PBXFileReference; lastKnownFileType = sourcecode.swift; path = HomeViewInteractor.swift; sourceTree = "<group>"; };
		263E496121AEC7D900FEA74E /* CleanSwiftInfoApp.app */ = {isa = PBXFileReference; explicitFileType = wrapper.application; includeInIndex = 0; path = CleanSwiftInfoApp.app; sourceTree = BUILT_PRODUCTS_DIR; };
		263E496421AEC7D900FEA74E /* AppDelegate.swift */ = {isa = PBXFileReference; lastKnownFileType = sourcecode.swift; path = AppDelegate.swift; sourceTree = "<group>"; };
		263E496921AEC7D900FEA74E /* Base */ = {isa = PBXFileReference; lastKnownFileType = file.storyboard; name = Base; path = Base.lproj/Main.storyboard; sourceTree = "<group>"; };
		263E496B21AEC7DC00FEA74E /* Assets.xcassets */ = {isa = PBXFileReference; lastKnownFileType = folder.assetcatalog; path = Assets.xcassets; sourceTree = "<group>"; };
		263E496E21AEC7DC00FEA74E /* Base */ = {isa = PBXFileReference; lastKnownFileType = file.storyboard; name = Base; path = Base.lproj/LaunchScreen.storyboard; sourceTree = "<group>"; };
		263E497021AEC7DC00FEA74E /* Info.plist */ = {isa = PBXFileReference; lastKnownFileType = text.plist.xml; path = Info.plist; sourceTree = "<group>"; };
		263E497521AEC7DC00FEA74E /* CleanSwiftInfoAppTests.xctest */ = {isa = PBXFileReference; explicitFileType = wrapper.cfbundle; includeInIndex = 0; path = CleanSwiftInfoAppTests.xctest; sourceTree = BUILT_PRODUCTS_DIR; };
		263E497921AEC7DC00FEA74E /* CleanSwiftInfoAppTests.swift */ = {isa = PBXFileReference; lastKnownFileType = sourcecode.swift; path = CleanSwiftInfoAppTests.swift; sourceTree = "<group>"; };
		263E497B21AEC7DC00FEA74E /* Info.plist */ = {isa = PBXFileReference; lastKnownFileType = text.plist.xml; path = Info.plist; sourceTree = "<group>"; };
		263E498021AEC7DC00FEA74E /* CleanSwiftInfoAppUITests.xctest */ = {isa = PBXFileReference; explicitFileType = wrapper.cfbundle; includeInIndex = 0; path = CleanSwiftInfoAppUITests.xctest; sourceTree = BUILT_PRODUCTS_DIR; };
		263E498421AEC7DC00FEA74E /* CleanSwiftInfoAppUITests.swift */ = {isa = PBXFileReference; lastKnownFileType = sourcecode.swift; path = CleanSwiftInfoAppUITests.swift; sourceTree = "<group>"; };
		263E498621AEC7DC00FEA74E /* Info.plist */ = {isa = PBXFileReference; lastKnownFileType = text.plist.xml; path = Info.plist; sourceTree = "<group>"; };
		263E499621AEC9BA00FEA74E /* Menu.storyboard */ = {isa = PBXFileReference; lastKnownFileType = file.storyboard; path = Menu.storyboard; sourceTree = "<group>"; };
		263E499821AEC9D100FEA74E /* UIStoryboard+.swift */ = {isa = PBXFileReference; lastKnownFileType = sourcecode.swift; path = "UIStoryboard+.swift"; sourceTree = "<group>"; };
		263E499A21AECAA400FEA74E /* String+.swift */ = {isa = PBXFileReference; lastKnownFileType = sourcecode.swift; path = "String+.swift"; sourceTree = "<group>"; };
		263E499F21AED09000FEA74E /* UIViewController+.swift */ = {isa = PBXFileReference; lastKnownFileType = sourcecode.swift; path = "UIViewController+.swift"; sourceTree = "<group>"; };
		263E49A121AED3B600FEA74E /* NavigationViewController.swift */ = {isa = PBXFileReference; lastKnownFileType = sourcecode.swift; path = NavigationViewController.swift; sourceTree = "<group>"; };
		263E49A821AEEB8000FEA74E /* SlideViewController.swift */ = {isa = PBXFileReference; lastKnownFileType = sourcecode.swift; path = SlideViewController.swift; sourceTree = "<group>"; };
		263E49AC21AEEBB500FEA74E /* SlideViewPresenter.swift */ = {isa = PBXFileReference; lastKnownFileType = sourcecode.swift; path = SlideViewPresenter.swift; sourceTree = "<group>"; };
		263E49AE21AEEBBF00FEA74E /* SlideViewRouter.swift */ = {isa = PBXFileReference; lastKnownFileType = sourcecode.swift; path = SlideViewRouter.swift; sourceTree = "<group>"; };
		263E49B021AEEBCE00FEA74E /* SlideViewInterator.swift */ = {isa = PBXFileReference; lastKnownFileType = sourcecode.swift; path = SlideViewInterator.swift; sourceTree = "<group>"; };
		263E49B221AEEBD900FEA74E /* SlideViewConfigurator.swift */ = {isa = PBXFileReference; lastKnownFileType = sourcecode.swift; path = SlideViewConfigurator.swift; sourceTree = "<group>"; };
		263E49B521AEF16F00FEA74E /* SlideMenuItemViewModel.swift */ = {isa = PBXFileReference; lastKnownFileType = sourcecode.swift; path = SlideMenuItemViewModel.swift; sourceTree = "<group>"; };
		263E49B721AEF1F900FEA74E /* SlideMenuItem.swift */ = {isa = PBXFileReference; lastKnownFileType = sourcecode.swift; path = SlideMenuItem.swift; sourceTree = "<group>"; };
		2655048D21B52ED2000864D0 /* Montserrat-Thin.otf */ = {isa = PBXFileReference; lastKnownFileType = file; path = "Montserrat-Thin.otf"; sourceTree = "<group>"; };
		2655048E21B52ED2000864D0 /* Montserrat-Light.otf */ = {isa = PBXFileReference; lastKnownFileType = file; path = "Montserrat-Light.otf"; sourceTree = "<group>"; };
		2655049321B52EF6000864D0 /* UIFont+Montserrat.swift */ = {isa = PBXFileReference; lastKnownFileType = sourcecode.swift; path = "UIFont+Montserrat.swift"; sourceTree = "<group>"; };
		2655049721B55C40000864D0 /* UIImageView+.swift */ = {isa = PBXFileReference; lastKnownFileType = sourcecode.swift; path = "UIImageView+.swift"; sourceTree = "<group>"; };
		265DA15421B6B30B005D4AEF /* UIFont+IconFont.swift */ = {isa = PBXFileReference; lastKnownFileType = sourcecode.swift; path = "UIFont+IconFont.swift"; sourceTree = "<group>"; };
		265DA15621B6B56D005D4AEF /* MWG-Iconfont.ttf */ = {isa = PBXFileReference; lastKnownFileType = file; path = "MWG-Iconfont.ttf"; sourceTree = "<group>"; };
		2661B51921C3AB0E00CC6F2F /* SnapKitView.swift */ = {isa = PBXFileReference; lastKnownFileType = sourcecode.swift; path = SnapKitView.swift; sourceTree = "<group>"; };
		2661B51C21C3D88400CC6F2F /* Montserrat-Regular.ttf */ = {isa = PBXFileReference; lastKnownFileType = file; path = "Montserrat-Regular.ttf"; sourceTree = "<group>"; };
		2661B51D21C3D88400CC6F2F /* Montserrat-Bold.ttf */ = {isa = PBXFileReference; lastKnownFileType = file; path = "Montserrat-Bold.ttf"; sourceTree = "<group>"; };
		269C599021C28C63007DCF39 /* Snapkit.storyboard */ = {isa = PBXFileReference; lastKnownFileType = file.storyboard; path = Snapkit.storyboard; sourceTree = "<group>"; };
		269C599521C28CCB007DCF39 /* SnapKitConfigurator.swift */ = {isa = PBXFileReference; lastKnownFileType = sourcecode.swift; path = SnapKitConfigurator.swift; sourceTree = "<group>"; };
		269C599721C28CDB007DCF39 /* SnapKitPresenter.swift */ = {isa = PBXFileReference; lastKnownFileType = sourcecode.swift; path = SnapKitPresenter.swift; sourceTree = "<group>"; };
		269C599921C28CE6007DCF39 /* SnapKitRouter.swift */ = {isa = PBXFileReference; lastKnownFileType = sourcecode.swift; path = SnapKitRouter.swift; sourceTree = "<group>"; };
		269C599B21C28CF4007DCF39 /* SnapKitInteractor.swift */ = {isa = PBXFileReference; lastKnownFileType = sourcecode.swift; path = SnapKitInteractor.swift; sourceTree = "<group>"; };
		269C599D21C28D3F007DCF39 /* SnapKitViewController.swift */ = {isa = PBXFileReference; lastKnownFileType = sourcecode.swift; path = SnapKitViewController.swift; sourceTree = "<group>"; };
		26ACA81021B131B100C18211 /* ArrayDataProvider.swift */ = {isa = PBXFileReference; fileEncoding = 4; lastKnownFileType = sourcecode.swift; path = ArrayDataProvider.swift; sourceTree = "<group>"; };
		26ACA81121B131B100C18211 /* DataProvider.swift */ = {isa = PBXFileReference; fileEncoding = 4; lastKnownFileType = sourcecode.swift; path = DataProvider.swift; sourceTree = "<group>"; };
		26ACA81421B157D600C18211 /* UIColor+.swift */ = {isa = PBXFileReference; lastKnownFileType = sourcecode.swift; path = "UIColor+.swift"; sourceTree = "<group>"; };
		26ACA81721B15B8E00C18211 /* AccountMenuTableViewCell.swift */ = {isa = PBXFileReference; lastKnownFileType = sourcecode.swift; path = AccountMenuTableViewCell.swift; sourceTree = "<group>"; };
		26ACA81B21B18BBC00C18211 /* SlideMenuDataProvider.swift */ = {isa = PBXFileReference; lastKnownFileType = sourcecode.swift; path = SlideMenuDataProvider.swift; sourceTree = "<group>"; };
		26ACA81E21B18E5900C18211 /* ListViewCompatible.swift */ = {isa = PBXFileReference; lastKnownFileType = sourcecode.swift; path = ListViewCompatible.swift; sourceTree = "<group>"; };
		26C16C9E21C0FCFE00A380A0 /* ItemRow1TableViewCell.swift */ = {isa = PBXFileReference; lastKnownFileType = sourcecode.swift; path = ItemRow1TableViewCell.swift; sourceTree = "<group>"; };
		26C16CA221C1241000A380A0 /* SeparatorTableViewCell.swift */ = {isa = PBXFileReference; lastKnownFileType = sourcecode.swift; path = SeparatorTableViewCell.swift; sourceTree = "<group>"; };
		26D2F93A21BFE63D003FB42E /* HeaderTitleTableViewCell.swift */ = {isa = PBXFileReference; lastKnownFileType = sourcecode.swift; path = HeaderTitleTableViewCell.swift; sourceTree = "<group>"; };
		A3877067C4B790E3C95034C9 /* Pods_CleanSwiftInfoAppUITests.framework */ = {isa = PBXFileReference; explicitFileType = wrapper.framework; includeInIndex = 0; path = Pods_CleanSwiftInfoAppUITests.framework; sourceTree = BUILT_PRODUCTS_DIR; };
		AE0C64878BF6B88A7467C37E /* Pods_CleanSwiftInfoApp.framework */ = {isa = PBXFileReference; explicitFileType = wrapper.framework; includeInIndex = 0; path = Pods_CleanSwiftInfoApp.framework; sourceTree = BUILT_PRODUCTS_DIR; };
		E1064F268C79D5E62BD62F33 /* Pods-CleanSwiftInfoApp.debug.xcconfig */ = {isa = PBXFileReference; includeInIndex = 1; lastKnownFileType = text.xcconfig; name = "Pods-CleanSwiftInfoApp.debug.xcconfig"; path = "Pods/Target Support Files/Pods-CleanSwiftInfoApp/Pods-CleanSwiftInfoApp.debug.xcconfig"; sourceTree = "<group>"; };
		E49FACB1B0261DA49F394907 /* Pods-CleanSwiftInfoAppTests.debug.xcconfig */ = {isa = PBXFileReference; includeInIndex = 1; lastKnownFileType = text.xcconfig; name = "Pods-CleanSwiftInfoAppTests.debug.xcconfig"; path = "Pods/Target Support Files/Pods-CleanSwiftInfoAppTests/Pods-CleanSwiftInfoAppTests.debug.xcconfig"; sourceTree = "<group>"; };
		E7B2F9464A424446A1FEDEFD /* Pods-CleanSwiftInfoAppTests.release.xcconfig */ = {isa = PBXFileReference; includeInIndex = 1; lastKnownFileType = text.xcconfig; name = "Pods-CleanSwiftInfoAppTests.release.xcconfig"; path = "Pods/Target Support Files/Pods-CleanSwiftInfoAppTests/Pods-CleanSwiftInfoAppTests.release.xcconfig"; sourceTree = "<group>"; };
		F5ACB8680542F908F1B93F3C /* Pods-CleanSwiftInfoApp.release.xcconfig */ = {isa = PBXFileReference; includeInIndex = 1; lastKnownFileType = text.xcconfig; name = "Pods-CleanSwiftInfoApp.release.xcconfig"; path = "Pods/Target Support Files/Pods-CleanSwiftInfoApp/Pods-CleanSwiftInfoApp.release.xcconfig"; sourceTree = "<group>"; };
		F9EBA78F1F382B68F973B366 /* Pods-CleanSwiftInfoAppUITests.debug.xcconfig */ = {isa = PBXFileReference; includeInIndex = 1; lastKnownFileType = text.xcconfig; name = "Pods-CleanSwiftInfoAppUITests.debug.xcconfig"; path = "Pods/Target Support Files/Pods-CleanSwiftInfoAppUITests/Pods-CleanSwiftInfoAppUITests.debug.xcconfig"; sourceTree = "<group>"; };
/* End PBXFileReference section */

/* Begin PBXFrameworksBuildPhase section */
		263E495E21AEC7D900FEA74E /* Frameworks */ = {
			isa = PBXFrameworksBuildPhase;
			buildActionMask = 2147483647;
			files = (
				ECE3B5F3CDD9035038D2A9A4 /* Pods_CleanSwiftInfoApp.framework in Frameworks */,
			);
			runOnlyForDeploymentPostprocessing = 0;
		};
		263E497221AEC7DC00FEA74E /* Frameworks */ = {
			isa = PBXFrameworksBuildPhase;
			buildActionMask = 2147483647;
			files = (
				3100CCAF623DC96AF0EA51DD /* Pods_CleanSwiftInfoAppTests.framework in Frameworks */,
			);
			runOnlyForDeploymentPostprocessing = 0;
		};
		263E497D21AEC7DC00FEA74E /* Frameworks */ = {
			isa = PBXFrameworksBuildPhase;
			buildActionMask = 2147483647;
			files = (
				E496F7947C1932922021A47B /* Pods_CleanSwiftInfoAppUITests.framework in Frameworks */,
			);
			runOnlyForDeploymentPostprocessing = 0;
		};
/* End PBXFrameworksBuildPhase section */

/* Begin PBXGroup section */
		0E91568CB546D4A7E15A4A50 /* Pods */ = {
			isa = PBXGroup;
			children = (
				E1064F268C79D5E62BD62F33 /* Pods-CleanSwiftInfoApp.debug.xcconfig */,
				F5ACB8680542F908F1B93F3C /* Pods-CleanSwiftInfoApp.release.xcconfig */,
				E49FACB1B0261DA49F394907 /* Pods-CleanSwiftInfoAppTests.debug.xcconfig */,
				E7B2F9464A424446A1FEDEFD /* Pods-CleanSwiftInfoAppTests.release.xcconfig */,
				F9EBA78F1F382B68F973B366 /* Pods-CleanSwiftInfoAppUITests.debug.xcconfig */,
				045442D81AFC0AEDFA7B419E /* Pods-CleanSwiftInfoAppUITests.release.xcconfig */,
			);
			name = Pods;
			sourceTree = "<group>";
		};
		263E495821AEC7D900FEA74E = {
			isa = PBXGroup;
			children = (
				263E496321AEC7D900FEA74E /* CleanSwiftInfoApp */,
				263E497821AEC7DC00FEA74E /* CleanSwiftInfoAppTests */,
				263E498321AEC7DC00FEA74E /* CleanSwiftInfoAppUITests */,
				263E496221AEC7D900FEA74E /* Products */,
				0E91568CB546D4A7E15A4A50 /* Pods */,
				60ADA5F231E26F3AA1551507 /* Frameworks */,
			);
			sourceTree = "<group>";
		};
		263E496221AEC7D900FEA74E /* Products */ = {
			isa = PBXGroup;
			children = (
				263E496121AEC7D900FEA74E /* CleanSwiftInfoApp.app */,
				263E497521AEC7DC00FEA74E /* CleanSwiftInfoAppTests.xctest */,
				263E498021AEC7DC00FEA74E /* CleanSwiftInfoAppUITests.xctest */,
			);
			name = Products;
			sourceTree = "<group>";
		};
		263E496321AEC7D900FEA74E /* CleanSwiftInfoApp */ = {
			isa = PBXGroup;
			children = (
				26ACA81D21B18E3D00C18211 /* Protocols */,
				26ACA80F21B1318A00C18211 /* DataProvider */,
				263E49B421AEF15700FEA74E /* Models */,
				263E499521AEC8D500FEA74E /* Extensions */,
				263E49A321AED5A700FEA74E /* Views */,
				263E499421AEC8CA00FEA74E /* Scenes */,
				263E499221AEC8A900FEA74E /* Application */,
				263E499321AEC8B700FEA74E /* Storyboards */,
			);
			path = CleanSwiftInfoApp;
			sourceTree = "<group>";
		};
		263E497821AEC7DC00FEA74E /* CleanSwiftInfoAppTests */ = {
			isa = PBXGroup;
			children = (
				263E497921AEC7DC00FEA74E /* CleanSwiftInfoAppTests.swift */,
				263E497B21AEC7DC00FEA74E /* Info.plist */,
			);
			path = CleanSwiftInfoAppTests;
			sourceTree = "<group>";
		};
		263E498321AEC7DC00FEA74E /* CleanSwiftInfoAppUITests */ = {
			isa = PBXGroup;
			children = (
				263E498421AEC7DC00FEA74E /* CleanSwiftInfoAppUITests.swift */,
				263E498621AEC7DC00FEA74E /* Info.plist */,
			);
			path = CleanSwiftInfoAppUITests;
			sourceTree = "<group>";
		};
		263E499221AEC8A900FEA74E /* Application */ = {
			isa = PBXGroup;
			children = (
				2655048A21B52EAF000864D0 /* Font */,
				263E496421AEC7D900FEA74E /* AppDelegate.swift */,
				263E496B21AEC7DC00FEA74E /* Assets.xcassets */,
				263E496D21AEC7DC00FEA74E /* LaunchScreen.storyboard */,
				263E497021AEC7DC00FEA74E /* Info.plist */,
			);
			path = Application;
			sourceTree = "<group>";
		};
		263E499321AEC8B700FEA74E /* Storyboards */ = {
			isa = PBXGroup;
			children = (
				263E496821AEC7D900FEA74E /* Main.storyboard */,
				263E499621AEC9BA00FEA74E /* Menu.storyboard */,
				26189B9421B005EE00CC9245 /* Home.storyboard */,
				269C599021C28C63007DCF39 /* Snapkit.storyboard */,
			);
			path = Storyboards;
			sourceTree = "<group>";
		};
		263E499421AEC8CA00FEA74E /* Scenes */ = {
			isa = PBXGroup;
			children = (
				263E49A421AEEA8300FEA74E /* Home */,
				263E49A521AEEA8D00FEA74E /* Slide */,
				269C599221C28C9B007DCF39 /* SnapKitTutorial */,
				263E49A121AED3B600FEA74E /* NavigationViewController.swift */,
			);
			path = Scenes;
			sourceTree = "<group>";
		};
		263E499521AEC8D500FEA74E /* Extensions */ = {
			isa = PBXGroup;
			children = (
				263E499821AEC9D100FEA74E /* UIStoryboard+.swift */,
				263E499A21AECAA400FEA74E /* String+.swift */,
				263E499F21AED09000FEA74E /* UIViewController+.swift */,
				26ACA81421B157D600C18211 /* UIColor+.swift */,
				2655049321B52EF6000864D0 /* UIFont+Montserrat.swift */,
				2655049721B55C40000864D0 /* UIImageView+.swift */,
				265DA15421B6B30B005D4AEF /* UIFont+IconFont.swift */,
			);
			path = Extensions;
			sourceTree = "<group>";
		};
		263E49A321AED5A700FEA74E /* Views */ = {
			isa = PBXGroup;
			children = (
				26ACA81621B15B3200C18211 /* SlidingMenu */,
				2661B51B21C3AD1500CC6F2F /* SnapKit */,
			);
			path = Views;
			sourceTree = "<group>";
		};
		263E49A421AEEA8300FEA74E /* Home */ = {
			isa = PBXGroup;
			children = (
				26189B9221B005E300CC9245 /* HomeViewController.swift */,
				26189B9621B0065300CC9245 /* HomeViewPresenter.swift */,
				26189B9821B0066A00CC9245 /* HomeViewConfigurator.swift */,
				26189B9A21B006C100CC9245 /* HomeViewRouter.swift */,
				26189B9C21B006F800CC9245 /* HomeViewInteractor.swift */,
			);
			path = Home;
			sourceTree = "<group>";
		};
		263E49A521AEEA8D00FEA74E /* Slide */ = {
			isa = PBXGroup;
			children = (
				263E49A821AEEB8000FEA74E /* SlideViewController.swift */,
				263E49AC21AEEBB500FEA74E /* SlideViewPresenter.swift */,
				263E49AE21AEEBBF00FEA74E /* SlideViewRouter.swift */,
				263E49B021AEEBCE00FEA74E /* SlideViewInterator.swift */,
				263E49B221AEEBD900FEA74E /* SlideViewConfigurator.swift */,
			);
			path = Slide;
			sourceTree = "<group>";
		};
		263E49B421AEF15700FEA74E /* Models */ = {
			isa = PBXGroup;
			children = (
				2655048921B522CB000864D0 /* SlideMenu */,
			);
			path = Models;
			sourceTree = "<group>";
		};
		2655048921B522CB000864D0 /* SlideMenu */ = {
			isa = PBXGroup;
			children = (
				263E49B521AEF16F00FEA74E /* SlideMenuItemViewModel.swift */,
				263E49B721AEF1F900FEA74E /* SlideMenuItem.swift */,
				26ACA81B21B18BBC00C18211 /* SlideMenuDataProvider.swift */,
			);
			path = SlideMenu;
			sourceTree = "<group>";
		};
		2655048A21B52EAF000864D0 /* Font */ = {
			isa = PBXGroup;
			children = (
				265DA14B21B697DC005D4AEF /* MWG-Iconfont */,
				2661B51C21C3D88400CC6F2F /* Montserrat-Regular.ttf */,
				2661B51D21C3D88400CC6F2F /* Montserrat-Bold.ttf */,
				2655048E21B52ED2000864D0 /* Montserrat-Light.otf */,
				2655048D21B52ED2000864D0 /* Montserrat-Thin.otf */,
			);
			path = Font;
			sourceTree = "<group>";
		};
		265DA14B21B697DC005D4AEF /* MWG-Iconfont */ = {
			isa = PBXGroup;
			children = (
				265DA15621B6B56D005D4AEF /* MWG-Iconfont.ttf */,
			);
			path = "MWG-Iconfont";
			sourceTree = "<group>";
		};
		2661B51B21C3AD1500CC6F2F /* SnapKit */ = {
			isa = PBXGroup;
			children = (
				2661B51921C3AB0E00CC6F2F /* SnapKitView.swift */,
			);
			path = SnapKit;
			sourceTree = "<group>";
		};
		269C599221C28C9B007DCF39 /* SnapKitTutorial */ = {
			isa = PBXGroup;
			children = (
				269C599D21C28D3F007DCF39 /* SnapKitViewController.swift */,
				269C599521C28CCB007DCF39 /* SnapKitConfigurator.swift */,
				269C599721C28CDB007DCF39 /* SnapKitPresenter.swift */,
				269C599921C28CE6007DCF39 /* SnapKitRouter.swift */,
				269C599B21C28CF4007DCF39 /* SnapKitInteractor.swift */,
			);
			path = SnapKitTutorial;
			sourceTree = "<group>";
		};
		26ACA80F21B1318A00C18211 /* DataProvider */ = {
			isa = PBXGroup;
			children = (
				26ACA81021B131B100C18211 /* ArrayDataProvider.swift */,
				26ACA81121B131B100C18211 /* DataProvider.swift */,
			);
			path = DataProvider;
			sourceTree = "<group>";
		};
		26ACA81621B15B3200C18211 /* SlidingMenu */ = {
			isa = PBXGroup;
			children = (
				26ACA81721B15B8E00C18211 /* AccountMenuTableViewCell.swift */,
				26D2F93A21BFE63D003FB42E /* HeaderTitleTableViewCell.swift */,
				26C16C9E21C0FCFE00A380A0 /* ItemRow1TableViewCell.swift */,
				26C16CA221C1241000A380A0 /* SeparatorTableViewCell.swift */,
			);
			path = SlidingMenu;
			sourceTree = "<group>";
		};
		26ACA81D21B18E3D00C18211 /* Protocols */ = {
			isa = PBXGroup;
			children = (
				26ACA81E21B18E5900C18211 /* ListViewCompatible.swift */,
			);
			path = Protocols;
			sourceTree = "<group>";
		};
		60ADA5F231E26F3AA1551507 /* Frameworks */ = {
			isa = PBXGroup;
			children = (
				AE0C64878BF6B88A7467C37E /* Pods_CleanSwiftInfoApp.framework */,
				2098D5FB92A7EC51D1007A01 /* Pods_CleanSwiftInfoAppTests.framework */,
				A3877067C4B790E3C95034C9 /* Pods_CleanSwiftInfoAppUITests.framework */,
			);
			name = Frameworks;
			sourceTree = "<group>";
		};
/* End PBXGroup section */

/* Begin PBXNativeTarget section */
		263E496021AEC7D900FEA74E /* CleanSwiftInfoApp */ = {
			isa = PBXNativeTarget;
			buildConfigurationList = 263E498921AEC7DC00FEA74E /* Build configuration list for PBXNativeTarget "CleanSwiftInfoApp" */;
			buildPhases = (
				F4A80A506540FA78A34952AE /* [CP] Check Pods Manifest.lock */,
				263E495D21AEC7D900FEA74E /* Sources */,
				263E495E21AEC7D900FEA74E /* Frameworks */,
				263E495F21AEC7D900FEA74E /* Resources */,
				24BCB238B7A3777475548879 /* [CP] Embed Pods Frameworks */,
			);
			buildRules = (
			);
			dependencies = (
			);
			name = CleanSwiftInfoApp;
			productName = CleanSwiftInfoApp;
			productReference = 263E496121AEC7D900FEA74E /* CleanSwiftInfoApp.app */;
			productType = "com.apple.product-type.application";
		};
		263E497421AEC7DC00FEA74E /* CleanSwiftInfoAppTests */ = {
			isa = PBXNativeTarget;
			buildConfigurationList = 263E498C21AEC7DC00FEA74E /* Build configuration list for PBXNativeTarget "CleanSwiftInfoAppTests" */;
			buildPhases = (
				A654528B427B2DF650496394 /* [CP] Check Pods Manifest.lock */,
				263E497121AEC7DC00FEA74E /* Sources */,
				263E497221AEC7DC00FEA74E /* Frameworks */,
				263E497321AEC7DC00FEA74E /* Resources */,
			);
			buildRules = (
			);
			dependencies = (
				263E497721AEC7DC00FEA74E /* PBXTargetDependency */,
			);
			name = CleanSwiftInfoAppTests;
			productName = CleanSwiftInfoAppTests;
			productReference = 263E497521AEC7DC00FEA74E /* CleanSwiftInfoAppTests.xctest */;
			productType = "com.apple.product-type.bundle.unit-test";
		};
		263E497F21AEC7DC00FEA74E /* CleanSwiftInfoAppUITests */ = {
			isa = PBXNativeTarget;
			buildConfigurationList = 263E498F21AEC7DC00FEA74E /* Build configuration list for PBXNativeTarget "CleanSwiftInfoAppUITests" */;
			buildPhases = (
				32C95CA25AD99BDB8178124F /* [CP] Check Pods Manifest.lock */,
				263E497C21AEC7DC00FEA74E /* Sources */,
				263E497D21AEC7DC00FEA74E /* Frameworks */,
				263E497E21AEC7DC00FEA74E /* Resources */,
			);
			buildRules = (
			);
			dependencies = (
				263E498221AEC7DC00FEA74E /* PBXTargetDependency */,
			);
			name = CleanSwiftInfoAppUITests;
			productName = CleanSwiftInfoAppUITests;
			productReference = 263E498021AEC7DC00FEA74E /* CleanSwiftInfoAppUITests.xctest */;
			productType = "com.apple.product-type.bundle.ui-testing";
		};
/* End PBXNativeTarget section */

/* Begin PBXProject section */
		263E495921AEC7D900FEA74E /* Project object */ = {
			isa = PBXProject;
			attributes = {
				LastSwiftUpdateCheck = 1000;
				LastUpgradeCheck = 1000;
				ORGANIZATIONNAME = "Yani Buchkov";
				TargetAttributes = {
					263E496021AEC7D900FEA74E = {
						CreatedOnToolsVersion = 10.0;
					};
					263E497421AEC7DC00FEA74E = {
						CreatedOnToolsVersion = 10.0;
						TestTargetID = 263E496021AEC7D900FEA74E;
					};
					263E497F21AEC7DC00FEA74E = {
						CreatedOnToolsVersion = 10.0;
						TestTargetID = 263E496021AEC7D900FEA74E;
					};
				};
			};
			buildConfigurationList = 263E495C21AEC7D900FEA74E /* Build configuration list for PBXProject "CleanSwiftInfoApp" */;
			compatibilityVersion = "Xcode 9.3";
			developmentRegion = en;
			hasScannedForEncodings = 0;
			knownRegions = (
				en,
				Base,
			);
			mainGroup = 263E495821AEC7D900FEA74E;
			productRefGroup = 263E496221AEC7D900FEA74E /* Products */;
			projectDirPath = "";
			projectRoot = "";
			targets = (
				263E496021AEC7D900FEA74E /* CleanSwiftInfoApp */,
				263E497421AEC7DC00FEA74E /* CleanSwiftInfoAppTests */,
				263E497F21AEC7DC00FEA74E /* CleanSwiftInfoAppUITests */,
			);
		};
/* End PBXProject section */

/* Begin PBXResourcesBuildPhase section */
		263E495F21AEC7D900FEA74E /* Resources */ = {
			isa = PBXResourcesBuildPhase;
			buildActionMask = 2147483647;
			files = (
				263E496F21AEC7DC00FEA74E /* LaunchScreen.storyboard in Resources */,
				26189B9521B005EE00CC9245 /* Home.storyboard in Resources */,
				265DA15721B6B56D005D4AEF /* MWG-Iconfont.ttf in Resources */,
				263E496C21AEC7DC00FEA74E /* Assets.xcassets in Resources */,
				2655049221B52ED7000864D0 /* Montserrat-Thin.otf in Resources */,
				263E496A21AEC7D900FEA74E /* Main.storyboard in Resources */,
				269C599121C28C63007DCF39 /* Snapkit.storyboard in Resources */,
				263E499721AEC9BA00FEA74E /* Menu.storyboard in Resources */,
				2661B51E21C3D88400CC6F2F /* Montserrat-Regular.ttf in Resources */,
				2661B51F21C3D88400CC6F2F /* Montserrat-Bold.ttf in Resources */,
				2655049021B52ED7000864D0 /* Montserrat-Light.otf in Resources */,
			);
			runOnlyForDeploymentPostprocessing = 0;
		};
		263E497321AEC7DC00FEA74E /* Resources */ = {
			isa = PBXResourcesBuildPhase;
			buildActionMask = 2147483647;
			files = (
			);
			runOnlyForDeploymentPostprocessing = 0;
		};
		263E497E21AEC7DC00FEA74E /* Resources */ = {
			isa = PBXResourcesBuildPhase;
			buildActionMask = 2147483647;
			files = (
			);
			runOnlyForDeploymentPostprocessing = 0;
		};
/* End PBXResourcesBuildPhase section */

/* Begin PBXShellScriptBuildPhase section */
		24BCB238B7A3777475548879 /* [CP] Embed Pods Frameworks */ = {
			isa = PBXShellScriptBuildPhase;
			buildActionMask = 2147483647;
			files = (
			);
			inputFileListPaths = (
			);
			inputPaths = (
				"${SRCROOT}/Pods/Target Support Files/Pods-CleanSwiftInfoApp/Pods-CleanSwiftInfoApp-frameworks.sh",
				"${BUILT_PRODUCTS_DIR}/SideMenu/SideMenu.framework",
				"${BUILT_PRODUCTS_DIR}/SnapKit/SnapKit.framework",
			);
			name = "[CP] Embed Pods Frameworks";
			outputFileListPaths = (
			);
			outputPaths = (
				"${TARGET_BUILD_DIR}/${FRAMEWORKS_FOLDER_PATH}/SideMenu.framework",
				"${TARGET_BUILD_DIR}/${FRAMEWORKS_FOLDER_PATH}/SnapKit.framework",
			);
			runOnlyForDeploymentPostprocessing = 0;
			shellPath = /bin/sh;
			shellScript = "\"${SRCROOT}/Pods/Target Support Files/Pods-CleanSwiftInfoApp/Pods-CleanSwiftInfoApp-frameworks.sh\"\n";
			showEnvVarsInLog = 0;
		};
		32C95CA25AD99BDB8178124F /* [CP] Check Pods Manifest.lock */ = {
			isa = PBXShellScriptBuildPhase;
			buildActionMask = 2147483647;
			files = (
			);
			inputFileListPaths = (
			);
			inputPaths = (
				"${PODS_PODFILE_DIR_PATH}/Podfile.lock",
				"${PODS_ROOT}/Manifest.lock",
			);
			name = "[CP] Check Pods Manifest.lock";
			outputFileListPaths = (
			);
			outputPaths = (
				"$(DERIVED_FILE_DIR)/Pods-CleanSwiftInfoAppUITests-checkManifestLockResult.txt",
			);
			runOnlyForDeploymentPostprocessing = 0;
			shellPath = /bin/sh;
			shellScript = "diff \"${PODS_PODFILE_DIR_PATH}/Podfile.lock\" \"${PODS_ROOT}/Manifest.lock\" > /dev/null\nif [ $? != 0 ] ; then\n    # print error to STDERR\n    echo \"error: The sandbox is not in sync with the Podfile.lock. Run 'pod install' or update your CocoaPods installation.\" >&2\n    exit 1\nfi\n# This output is used by Xcode 'outputs' to avoid re-running this script phase.\necho \"SUCCESS\" > \"${SCRIPT_OUTPUT_FILE_0}\"\n";
			showEnvVarsInLog = 0;
		};
		A654528B427B2DF650496394 /* [CP] Check Pods Manifest.lock */ = {
			isa = PBXShellScriptBuildPhase;
			buildActionMask = 2147483647;
			files = (
			);
			inputFileListPaths = (
			);
			inputPaths = (
				"${PODS_PODFILE_DIR_PATH}/Podfile.lock",
				"${PODS_ROOT}/Manifest.lock",
			);
			name = "[CP] Check Pods Manifest.lock";
			outputFileListPaths = (
			);
			outputPaths = (
				"$(DERIVED_FILE_DIR)/Pods-CleanSwiftInfoAppTests-checkManifestLockResult.txt",
			);
			runOnlyForDeploymentPostprocessing = 0;
			shellPath = /bin/sh;
			shellScript = "diff \"${PODS_PODFILE_DIR_PATH}/Podfile.lock\" \"${PODS_ROOT}/Manifest.lock\" > /dev/null\nif [ $? != 0 ] ; then\n    # print error to STDERR\n    echo \"error: The sandbox is not in sync with the Podfile.lock. Run 'pod install' or update your CocoaPods installation.\" >&2\n    exit 1\nfi\n# This output is used by Xcode 'outputs' to avoid re-running this script phase.\necho \"SUCCESS\" > \"${SCRIPT_OUTPUT_FILE_0}\"\n";
			showEnvVarsInLog = 0;
		};
		F4A80A506540FA78A34952AE /* [CP] Check Pods Manifest.lock */ = {
			isa = PBXShellScriptBuildPhase;
			buildActionMask = 2147483647;
			files = (
			);
			inputFileListPaths = (
			);
			inputPaths = (
				"${PODS_PODFILE_DIR_PATH}/Podfile.lock",
				"${PODS_ROOT}/Manifest.lock",
			);
			name = "[CP] Check Pods Manifest.lock";
			outputFileListPaths = (
			);
			outputPaths = (
				"$(DERIVED_FILE_DIR)/Pods-CleanSwiftInfoApp-checkManifestLockResult.txt",
			);
			runOnlyForDeploymentPostprocessing = 0;
			shellPath = /bin/sh;
			shellScript = "diff \"${PODS_PODFILE_DIR_PATH}/Podfile.lock\" \"${PODS_ROOT}/Manifest.lock\" > /dev/null\nif [ $? != 0 ] ; then\n    # print error to STDERR\n    echo \"error: The sandbox is not in sync with the Podfile.lock. Run 'pod install' or update your CocoaPods installation.\" >&2\n    exit 1\nfi\n# This output is used by Xcode 'outputs' to avoid re-running this script phase.\necho \"SUCCESS\" > \"${SCRIPT_OUTPUT_FILE_0}\"\n";
			showEnvVarsInLog = 0;
		};
/* End PBXShellScriptBuildPhase section */

/* Begin PBXSourcesBuildPhase section */
		263E495D21AEC7D900FEA74E /* Sources */ = {
			isa = PBXSourcesBuildPhase;
			buildActionMask = 2147483647;
			files = (
				263E49B621AEF16F00FEA74E /* SlideMenuItemViewModel.swift in Sources */,
				26D2F93B21BFE63D003FB42E /* HeaderTitleTableViewCell.swift in Sources */,
				26ACA81C21B18BBC00C18211 /* SlideMenuDataProvider.swift in Sources */,
				269C599E21C28D3F007DCF39 /* SnapKitViewController.swift in Sources */,
				269C599821C28CDB007DCF39 /* SnapKitPresenter.swift in Sources */,
				269C599621C28CCB007DCF39 /* SnapKitConfigurator.swift in Sources */,
				269C599C21C28CF4007DCF39 /* SnapKitInteractor.swift in Sources */,
				269C599A21C28CE6007DCF39 /* SnapKitRouter.swift in Sources */,
				2661B51A21C3AB0E00CC6F2F /* SnapKitView.swift in Sources */,
				263E499921AEC9D100FEA74E /* UIStoryboard+.swift in Sources */,
				263E499B21AECAA400FEA74E /* String+.swift in Sources */,
				263E49B821AEF1F900FEA74E /* SlideMenuItem.swift in Sources */,
				26189B9B21B006C100CC9245 /* HomeViewRouter.swift in Sources */,
				263E49A921AEEB8000FEA74E /* SlideViewController.swift in Sources */,
				263E49AD21AEEBB500FEA74E /* SlideViewPresenter.swift in Sources */,
				26ACA81321B131B100C18211 /* DataProvider.swift in Sources */,
				2655049421B52EF6000864D0 /* UIFont+Montserrat.swift in Sources */,
				263E49B121AEEBCE00FEA74E /* SlideViewInterator.swift in Sources */,
				26ACA81521B157D600C18211 /* UIColor+.swift in Sources */,
				265DA15521B6B30B005D4AEF /* UIFont+IconFont.swift in Sources */,
				263E49A021AED09000FEA74E /* UIViewController+.swift in Sources */,
				26189B9721B0065300CC9245 /* HomeViewPresenter.swift in Sources */,
				26ACA81221B131B100C18211 /* ArrayDataProvider.swift in Sources */,
				263E49AF21AEEBBF00FEA74E /* SlideViewRouter.swift in Sources */,
				263E49B321AEEBD900FEA74E /* SlideViewConfigurator.swift in Sources */,
				26ACA81821B15B8E00C18211 /* AccountMenuTableViewCell.swift in Sources */,
				26ACA81F21B18E5900C18211 /* ListViewCompatible.swift in Sources */,
				26C16CA321C1241000A380A0 /* SeparatorTableViewCell.swift in Sources */,
				26C16C9F21C0FCFE00A380A0 /* ItemRow1TableViewCell.swift in Sources */,
				2655049821B55C40000864D0 /* UIImageView+.swift in Sources */,
				26189B9D21B006F800CC9245 /* HomeViewInteractor.swift in Sources */,
				263E49A221AED3B600FEA74E /* NavigationViewController.swift in Sources */,
				26189B9321B005E300CC9245 /* HomeViewController.swift in Sources */,
				263E496521AEC7D900FEA74E /* AppDelegate.swift in Sources */,
				26189B9921B0066A00CC9245 /* HomeViewConfigurator.swift in Sources */,
			);
			runOnlyForDeploymentPostprocessing = 0;
		};
		263E497121AEC7DC00FEA74E /* Sources */ = {
			isa = PBXSourcesBuildPhase;
			buildActionMask = 2147483647;
			files = (
				263E497A21AEC7DC00FEA74E /* CleanSwiftInfoAppTests.swift in Sources */,
			);
			runOnlyForDeploymentPostprocessing = 0;
		};
		263E497C21AEC7DC00FEA74E /* Sources */ = {
			isa = PBXSourcesBuildPhase;
			buildActionMask = 2147483647;
			files = (
				263E498521AEC7DC00FEA74E /* CleanSwiftInfoAppUITests.swift in Sources */,
			);
			runOnlyForDeploymentPostprocessing = 0;
		};
/* End PBXSourcesBuildPhase section */

/* Begin PBXTargetDependency section */
		263E497721AEC7DC00FEA74E /* PBXTargetDependency */ = {
			isa = PBXTargetDependency;
			target = 263E496021AEC7D900FEA74E /* CleanSwiftInfoApp */;
			targetProxy = 263E497621AEC7DC00FEA74E /* PBXContainerItemProxy */;
		};
		263E498221AEC7DC00FEA74E /* PBXTargetDependency */ = {
			isa = PBXTargetDependency;
			target = 263E496021AEC7D900FEA74E /* CleanSwiftInfoApp */;
			targetProxy = 263E498121AEC7DC00FEA74E /* PBXContainerItemProxy */;
		};
/* End PBXTargetDependency section */

/* Begin PBXVariantGroup section */
		263E496821AEC7D900FEA74E /* Main.storyboard */ = {
			isa = PBXVariantGroup;
			children = (
				263E496921AEC7D900FEA74E /* Base */,
			);
			name = Main.storyboard;
			sourceTree = "<group>";
		};
		263E496D21AEC7DC00FEA74E /* LaunchScreen.storyboard */ = {
			isa = PBXVariantGroup;
			children = (
				263E496E21AEC7DC00FEA74E /* Base */,
			);
			name = LaunchScreen.storyboard;
			sourceTree = "<group>";
		};
/* End PBXVariantGroup section */

/* Begin XCBuildConfiguration section */
		263E498721AEC7DC00FEA74E /* Debug */ = {
			isa = XCBuildConfiguration;
			buildSettings = {
				ALWAYS_SEARCH_USER_PATHS = NO;
				CLANG_ANALYZER_NONNULL = YES;
				CLANG_ANALYZER_NUMBER_OBJECT_CONVERSION = YES_AGGRESSIVE;
				CLANG_CXX_LANGUAGE_STANDARD = "gnu++14";
				CLANG_CXX_LIBRARY = "libc++";
				CLANG_ENABLE_MODULES = YES;
				CLANG_ENABLE_OBJC_ARC = YES;
				CLANG_ENABLE_OBJC_WEAK = YES;
				CLANG_WARN_BLOCK_CAPTURE_AUTORELEASING = YES;
				CLANG_WARN_BOOL_CONVERSION = YES;
				CLANG_WARN_COMMA = YES;
				CLANG_WARN_CONSTANT_CONVERSION = YES;
				CLANG_WARN_DEPRECATED_OBJC_IMPLEMENTATIONS = YES;
				CLANG_WARN_DIRECT_OBJC_ISA_USAGE = YES_ERROR;
				CLANG_WARN_DOCUMENTATION_COMMENTS = YES;
				CLANG_WARN_EMPTY_BODY = YES;
				CLANG_WARN_ENUM_CONVERSION = YES;
				CLANG_WARN_INFINITE_RECURSION = YES;
				CLANG_WARN_INT_CONVERSION = YES;
				CLANG_WARN_NON_LITERAL_NULL_CONVERSION = YES;
				CLANG_WARN_OBJC_IMPLICIT_RETAIN_SELF = YES;
				CLANG_WARN_OBJC_LITERAL_CONVERSION = YES;
				CLANG_WARN_OBJC_ROOT_CLASS = YES_ERROR;
				CLANG_WARN_RANGE_LOOP_ANALYSIS = YES;
				CLANG_WARN_STRICT_PROTOTYPES = YES;
				CLANG_WARN_SUSPICIOUS_MOVE = YES;
				CLANG_WARN_UNGUARDED_AVAILABILITY = YES_AGGRESSIVE;
				CLANG_WARN_UNREACHABLE_CODE = YES;
				CLANG_WARN__DUPLICATE_METHOD_MATCH = YES;
				CODE_SIGN_IDENTITY = "iPhone Developer";
				COPY_PHASE_STRIP = NO;
				DEBUG_INFORMATION_FORMAT = dwarf;
				ENABLE_STRICT_OBJC_MSGSEND = YES;
				ENABLE_TESTABILITY = YES;
				GCC_C_LANGUAGE_STANDARD = gnu11;
				GCC_DYNAMIC_NO_PIC = NO;
				GCC_NO_COMMON_BLOCKS = YES;
				GCC_OPTIMIZATION_LEVEL = 0;
				GCC_PREPROCESSOR_DEFINITIONS = (
					"DEBUG=1",
					"$(inherited)",
				);
				GCC_WARN_64_TO_32_BIT_CONVERSION = YES;
				GCC_WARN_ABOUT_RETURN_TYPE = YES_ERROR;
				GCC_WARN_UNDECLARED_SELECTOR = YES;
				GCC_WARN_UNINITIALIZED_AUTOS = YES_AGGRESSIVE;
				GCC_WARN_UNUSED_FUNCTION = YES;
				GCC_WARN_UNUSED_VARIABLE = YES;
				IPHONEOS_DEPLOYMENT_TARGET = 12.0;
				MTL_ENABLE_DEBUG_INFO = INCLUDE_SOURCE;
				MTL_FAST_MATH = YES;
				ONLY_ACTIVE_ARCH = YES;
				SDKROOT = iphoneos;
				SWIFT_ACTIVE_COMPILATION_CONDITIONS = DEBUG;
				SWIFT_OPTIMIZATION_LEVEL = "-Onone";
			};
			name = Debug;
		};
		263E498821AEC7DC00FEA74E /* Release */ = {
			isa = XCBuildConfiguration;
			buildSettings = {
				ALWAYS_SEARCH_USER_PATHS = NO;
				CLANG_ANALYZER_NONNULL = YES;
				CLANG_ANALYZER_NUMBER_OBJECT_CONVERSION = YES_AGGRESSIVE;
				CLANG_CXX_LANGUAGE_STANDARD = "gnu++14";
				CLANG_CXX_LIBRARY = "libc++";
				CLANG_ENABLE_MODULES = YES;
				CLANG_ENABLE_OBJC_ARC = YES;
				CLANG_ENABLE_OBJC_WEAK = YES;
				CLANG_WARN_BLOCK_CAPTURE_AUTORELEASING = YES;
				CLANG_WARN_BOOL_CONVERSION = YES;
				CLANG_WARN_COMMA = YES;
				CLANG_WARN_CONSTANT_CONVERSION = YES;
				CLANG_WARN_DEPRECATED_OBJC_IMPLEMENTATIONS = YES;
				CLANG_WARN_DIRECT_OBJC_ISA_USAGE = YES_ERROR;
				CLANG_WARN_DOCUMENTATION_COMMENTS = YES;
				CLANG_WARN_EMPTY_BODY = YES;
				CLANG_WARN_ENUM_CONVERSION = YES;
				CLANG_WARN_INFINITE_RECURSION = YES;
				CLANG_WARN_INT_CONVERSION = YES;
				CLANG_WARN_NON_LITERAL_NULL_CONVERSION = YES;
				CLANG_WARN_OBJC_IMPLICIT_RETAIN_SELF = YES;
				CLANG_WARN_OBJC_LITERAL_CONVERSION = YES;
				CLANG_WARN_OBJC_ROOT_CLASS = YES_ERROR;
				CLANG_WARN_RANGE_LOOP_ANALYSIS = YES;
				CLANG_WARN_STRICT_PROTOTYPES = YES;
				CLANG_WARN_SUSPICIOUS_MOVE = YES;
				CLANG_WARN_UNGUARDED_AVAILABILITY = YES_AGGRESSIVE;
				CLANG_WARN_UNREACHABLE_CODE = YES;
				CLANG_WARN__DUPLICATE_METHOD_MATCH = YES;
				CODE_SIGN_IDENTITY = "iPhone Developer";
				COPY_PHASE_STRIP = NO;
				DEBUG_INFORMATION_FORMAT = "dwarf-with-dsym";
				ENABLE_NS_ASSERTIONS = NO;
				ENABLE_STRICT_OBJC_MSGSEND = YES;
				GCC_C_LANGUAGE_STANDARD = gnu11;
				GCC_NO_COMMON_BLOCKS = YES;
				GCC_WARN_64_TO_32_BIT_CONVERSION = YES;
				GCC_WARN_ABOUT_RETURN_TYPE = YES_ERROR;
				GCC_WARN_UNDECLARED_SELECTOR = YES;
				GCC_WARN_UNINITIALIZED_AUTOS = YES_AGGRESSIVE;
				GCC_WARN_UNUSED_FUNCTION = YES;
				GCC_WARN_UNUSED_VARIABLE = YES;
				IPHONEOS_DEPLOYMENT_TARGET = 12.0;
				MTL_ENABLE_DEBUG_INFO = NO;
				MTL_FAST_MATH = YES;
				SDKROOT = iphoneos;
				SWIFT_COMPILATION_MODE = wholemodule;
				SWIFT_OPTIMIZATION_LEVEL = "-O";
				VALIDATE_PRODUCT = YES;
			};
			name = Release;
		};
		263E498A21AEC7DC00FEA74E /* Debug */ = {
			isa = XCBuildConfiguration;
			baseConfigurationReference = E1064F268C79D5E62BD62F33 /* Pods-CleanSwiftInfoApp.debug.xcconfig */;
			buildSettings = {
				ASSETCATALOG_COMPILER_APPICON_NAME = AppIcon;
				CODE_SIGN_STYLE = Automatic;
				DEVELOPMENT_TEAM = 573XWKU3VP;
				INFOPLIST_FILE = "$(SRCROOT)/CleanSwiftInfoApp/Application/Info.plist";
				LD_RUNPATH_SEARCH_PATHS = (
					"$(inherited)",
					"@executable_path/Frameworks",
				);
				PRODUCT_BUNDLE_IDENTIFIER = CleanSwiftExample.CleanSwiftInfoApp;
				PRODUCT_NAME = "$(TARGET_NAME)";
				SWIFT_VERSION = 4.2;
				TARGETED_DEVICE_FAMILY = "1,2";
			};
			name = Debug;
		};
		263E498B21AEC7DC00FEA74E /* Release */ = {
			isa = XCBuildConfiguration;
			baseConfigurationReference = F5ACB8680542F908F1B93F3C /* Pods-CleanSwiftInfoApp.release.xcconfig */;
			buildSettings = {
				ASSETCATALOG_COMPILER_APPICON_NAME = AppIcon;
				CODE_SIGN_STYLE = Automatic;
				DEVELOPMENT_TEAM = 573XWKU3VP;
				INFOPLIST_FILE = "$(SRCROOT)/CleanSwiftInfoApp/Application/Info.plist";
				LD_RUNPATH_SEARCH_PATHS = (
					"$(inherited)",
					"@executable_path/Frameworks",
				);
				PRODUCT_BUNDLE_IDENTIFIER = CleanSwiftExample.CleanSwiftInfoApp;
				PRODUCT_NAME = "$(TARGET_NAME)";
				SWIFT_VERSION = 4.2;
				TARGETED_DEVICE_FAMILY = "1,2";
			};
			name = Release;
		};
		263E498D21AEC7DC00FEA74E /* Debug */ = {
			isa = XCBuildConfiguration;
			baseConfigurationReference = E49FACB1B0261DA49F394907 /* Pods-CleanSwiftInfoAppTests.debug.xcconfig */;
			buildSettings = {
				ALWAYS_EMBED_SWIFT_STANDARD_LIBRARIES = YES;
				BUNDLE_LOADER = "$(TEST_HOST)";
				CODE_SIGN_STYLE = Automatic;
				DEVELOPMENT_TEAM = 573XWKU3VP;
				INFOPLIST_FILE = CleanSwiftInfoAppTests/Info.plist;
				LD_RUNPATH_SEARCH_PATHS = (
					"$(inherited)",
					"@executable_path/Frameworks",
					"@loader_path/Frameworks",
				);
				PRODUCT_BUNDLE_IDENTIFIER = CleanSwiftExample.CleanSwiftInfoAppTests;
				PRODUCT_NAME = "$(TARGET_NAME)";
				SWIFT_VERSION = 4.2;
				TARGETED_DEVICE_FAMILY = "1,2";
				TEST_HOST = "$(BUILT_PRODUCTS_DIR)/CleanSwiftInfoApp.app/CleanSwiftInfoApp";
			};
			name = Debug;
		};
		263E498E21AEC7DC00FEA74E /* Release */ = {
			isa = XCBuildConfiguration;
			baseConfigurationReference = E7B2F9464A424446A1FEDEFD /* Pods-CleanSwiftInfoAppTests.release.xcconfig */;
			buildSettings = {
				ALWAYS_EMBED_SWIFT_STANDARD_LIBRARIES = YES;
				BUNDLE_LOADER = "$(TEST_HOST)";
				CODE_SIGN_STYLE = Automatic;
				DEVELOPMENT_TEAM = 573XWKU3VP;
				INFOPLIST_FILE = CleanSwiftInfoAppTests/Info.plist;
				LD_RUNPATH_SEARCH_PATHS = (
					"$(inherited)",
					"@executable_path/Frameworks",
					"@loader_path/Frameworks",
				);
				PRODUCT_BUNDLE_IDENTIFIER = CleanSwiftExample.CleanSwiftInfoAppTests;
				PRODUCT_NAME = "$(TARGET_NAME)";
				SWIFT_VERSION = 4.2;
				TARGETED_DEVICE_FAMILY = "1,2";
				TEST_HOST = "$(BUILT_PRODUCTS_DIR)/CleanSwiftInfoApp.app/CleanSwiftInfoApp";
			};
			name = Release;
		};
		263E499021AEC7DC00FEA74E /* Debug */ = {
			isa = XCBuildConfiguration;
			baseConfigurationReference = F9EBA78F1F382B68F973B366 /* Pods-CleanSwiftInfoAppUITests.debug.xcconfig */;
			buildSettings = {
				ALWAYS_EMBED_SWIFT_STANDARD_LIBRARIES = YES;
				CODE_SIGN_STYLE = Automatic;
				DEVELOPMENT_TEAM = 573XWKU3VP;
				INFOPLIST_FILE = CleanSwiftInfoAppUITests/Info.plist;
				LD_RUNPATH_SEARCH_PATHS = (
					"$(inherited)",
					"@executable_path/Frameworks",
					"@loader_path/Frameworks",
				);
				PRODUCT_BUNDLE_IDENTIFIER = CleanSwiftExample.CleanSwiftInfoAppUITests;
				PRODUCT_NAME = "$(TARGET_NAME)";
				SWIFT_VERSION = 4.2;
				TARGETED_DEVICE_FAMILY = "1,2";
				TEST_TARGET_NAME = CleanSwiftInfoApp;
			};
			name = Debug;
		};
		263E499121AEC7DC00FEA74E /* Release */ = {
			isa = XCBuildConfiguration;
			baseConfigurationReference = 045442D81AFC0AEDFA7B419E /* Pods-CleanSwiftInfoAppUITests.release.xcconfig */;
			buildSettings = {
				ALWAYS_EMBED_SWIFT_STANDARD_LIBRARIES = YES;
				CODE_SIGN_STYLE = Automatic;
				DEVELOPMENT_TEAM = 573XWKU3VP;
				INFOPLIST_FILE = CleanSwiftInfoAppUITests/Info.plist;
				LD_RUNPATH_SEARCH_PATHS = (
					"$(inherited)",
					"@executable_path/Frameworks",
					"@loader_path/Frameworks",
				);
				PRODUCT_BUNDLE_IDENTIFIER = CleanSwiftExample.CleanSwiftInfoAppUITests;
				PRODUCT_NAME = "$(TARGET_NAME)";
				SWIFT_VERSION = 4.2;
				TARGETED_DEVICE_FAMILY = "1,2";
				TEST_TARGET_NAME = CleanSwiftInfoApp;
			};
			name = Release;
		};
/* End XCBuildConfiguration section */

/* Begin XCConfigurationList section */
		263E495C21AEC7D900FEA74E /* Build configuration list for PBXProject "CleanSwiftInfoApp" */ = {
			isa = XCConfigurationList;
			buildConfigurations = (
				263E498721AEC7DC00FEA74E /* Debug */,
				263E498821AEC7DC00FEA74E /* Release */,
			);
			defaultConfigurationIsVisible = 0;
			defaultConfigurationName = Release;
		};
		263E498921AEC7DC00FEA74E /* Build configuration list for PBXNativeTarget "CleanSwiftInfoApp" */ = {
			isa = XCConfigurationList;
			buildConfigurations = (
				263E498A21AEC7DC00FEA74E /* Debug */,
				263E498B21AEC7DC00FEA74E /* Release */,
			);
			defaultConfigurationIsVisible = 0;
			defaultConfigurationName = Release;
		};
		263E498C21AEC7DC00FEA74E /* Build configuration list for PBXNativeTarget "CleanSwiftInfoAppTests" */ = {
			isa = XCConfigurationList;
			buildConfigurations = (
				263E498D21AEC7DC00FEA74E /* Debug */,
				263E498E21AEC7DC00FEA74E /* Release */,
			);
			defaultConfigurationIsVisible = 0;
			defaultConfigurationName = Release;
		};
		263E498F21AEC7DC00FEA74E /* Build configuration list for PBXNativeTarget "CleanSwiftInfoAppUITests" */ = {
			isa = XCConfigurationList;
			buildConfigurations = (
				263E499021AEC7DC00FEA74E /* Debug */,
				263E499121AEC7DC00FEA74E /* Release */,
			);
			defaultConfigurationIsVisible = 0;
			defaultConfigurationName = Release;
		};
/* End XCConfigurationList section */
	};
	rootObject = 263E495921AEC7D900FEA74E /* Project object */;
}
